<?xml version="1.0"?>
<CONFIG>
  <ProjectOptions>
    <Version Value="9"/>
    <PathDelim Value="\"/>
    <General>
      <Flags>
        <MainUnitHasCreateFormStatements Value="False"/>
        <MainUnitHasTitleStatement Value="False"/>
      </Flags>
      <SessionStorage Value="InProjectDir"/>
      <MainUnit Value="0"/>
      <Title Value="AnimationEditor"/>
      <UseAppBundle Value="False"/>
      <ResourceType Value="res"/>
      <UseXPManifest Value="True"/>
    </General>
    <i18n>
      <EnableI18N LFM="False"/>
    </i18n>
    <VersionInfo>
      <StringTable ProductVersion=""/>
    </VersionInfo>
    <BuildModes Count="1">
      <Item1 Name="Default" Default="True"/>
    </BuildModes>
    <PublishOptions>
      <Version Value="2"/>
    </PublishOptions>
    <RunParams>
      <local>
        <FormatVersion Value="1"/>
      </local>
    </RunParams>
    <RequiredPackages Count="8">
      <Item1>
        <PackageName Value="fpgui_toolkit"/>
      </Item1>
      <Item2>
        <PackageName Value="HinstLanguage"/>
      </Item2>
      <Item3>
        <PackageName Value="FPC_StringBuilder"/>
      </Item3>
      <Item4>
        <PackageName Value="fcl_stl"/>
      </Item4>
      <Item5>
        <PackageName Value="HinstFPCSmartObject"/>
      </Item5>
      <Item6>
        <PackageName Value="ZenGLHinstFork"/>
      </Item6>
      <Item7>
        <PackageName Value="HinstFPCSmartLog"/>
      </Item7>
      <Item8>
        <PackageName Value="LCL"/>
      </Item8>
    </RequiredPackages>
    <Units Count="13">
      <Unit0>
        <Filename Value="AnimationEditor.lpr"/>
        <IsPartOfProject Value="True"/>
        <UnitName Value="AnimationEditor"/>
      </Unit0>
      <Unit1>
        <Filename Value="MainWindowUnit.pas"/>
        <IsPartOfProject Value="True"/>
        <ComponentName Value="MainWindow"/>
        <HasResources Value="True"/>
        <ResourceBaseClass Value="Form"/>
        <UnitName Value="MainWindowUnit"/>
      </Unit1>
      <Unit2>
        <Filename Value="..\Animation\Stickman part list.txt"/>
        <IsPartOfProject Value="True"/>
      </Unit2>
      <Unit3>
        <Filename Value="..\Animation\StickmanStructure.json"/>
        <IsPartOfProject Value="True"/>
      </Unit3>
      <Unit4>
        <Filename Value="CommonLog.pas"/>
        <IsPartOfProject Value="True"/>
        <UnitName Value="CommonLog"/>
      </Unit4>
      <Unit5>
        <Filename Value="..\Animation\StickStructureUnit.pas"/>
        <IsPartOfProject Value="True"/>
        <UnitName Value="StickStructureUnit"/>
      </Unit5>
      <Unit6>
        <Filename Value="..\Animation\StickStructureJsonLoaderUnit.pas"/>
        <IsPartOfProject Value="True"/>
        <UnitName Value="StickStructureJsonLoaderUnit"/>
      </Unit6>
      <Unit7>
        <Filename Value="MainMenuUnit.pas"/>
        <IsPartOfProject Value="True"/>
        <UnitName Value="MainMenuUnit"/>
      </Unit7>
      <Unit8>
        <Filename Value="..\CommonLang.pas"/>
        <IsPartOfProject Value="True"/>
        <UnitName Value="CommonLang"/>
      </Unit8>
      <Unit9>
        <Filename Value="..\CommonLang.json"/>
        <IsPartOfProject Value="True"/>
      </Unit9>
      <Unit10>
        <Filename Value="MainResources.rc"/>
        <IsPartOfProject Value="True"/>
      </Unit10>
      <Unit11>
        <Filename Value="..\Animation\StickStructureStateUnit.pas"/>
        <IsPartOfProject Value="True"/>
        <UnitName Value="StickStructureStateUnit"/>
      </Unit11>
      <Unit12>
        <Filename Value="SquaredPointUnit.pas"/>
        <IsPartOfProject Value="True"/>
        <UnitName Value="SquaredPointUnit"/>
      </Unit12>
    </Units>
  </ProjectOptions>
  <CompilerOptions>
    <Version Value="11"/>
    <PathDelim Value="\"/>
    <Target>
      <Filename Value="..\..\Bin\AnimationEditor"/>
    </Target>
    <SearchPaths>
      <IncludeFiles Value="$(ProjOutDir)"/>
      <OtherUnitFiles Value="..\Animation;.."/>
      <UnitOutputDirectory Value="compiled_junk\$(TargetCPU)-$(TargetOS)"/>
    </SearchPaths>
    <Linking>
      <Debugging>
        <UseHeaptrc Value="True"/>
      </Debugging>
    </Linking>
    <Other>
      <Verbosity>
        <ShowSummary Value="True"/>
      </Verbosity>
      <CompilerMessages>
        <MsgFileName Value=""/>
      </CompilerMessages>
      <CompilerPath Value="$(CompPath)"/>
    </Other>
  </CompilerOptions>
  <Debugging>
    <Exceptions Count="3">
      <Item1>
        <Name Value="EAbort"/>
      </Item1>
      <Item2>
        <Name Value="ECodetoolError"/>
      </Item2>
      <Item3>
        <Name Value="EFOpenError"/>
      </Item3>
    </Exceptions>
  </Debugging>
</CONFIG>
